
Microsoft Visual Studio Solution File, Format Version 12.00
Project("{FAE04EC0-301F-11D3-BF4B-00C04F79EFBC}") = "MoveControllerAi", "MoveControllerAi\MoveControllerAi.csproj", "{0EE83602-C887-475D-AD19-42C7C7EEF238}"
EndProject
Project("{FAE04EC0-301F-11D3-BF4B-00C04F79EFBC}") = "PushUpAI", "PushUpAI\PushUpAI.csproj", "{DC603531-1E06-4600-A352-42E680865103}"
EndProject
Project("{FAE04EC0-301F-11D3-BF4B-00C04F79EFBC}") = "BeaverAI", "BeaverAI\BeaverAI.csproj", "{DA3684DD-8B63-4B40-A963-BD96613E17E6}"
EndProject
Project("{FAE04EC0-301F-11D3-BF4B-00C04F79EFBC}") = "CharLoader", "CharLoader\CharLoader.csproj", "{04D89DDC-500F-4A96-B4F0-19E69ECA7B90}"
EndProject
Project("{FAE04EC0-301F-11D3-BF4B-00C04F79EFBC}") = "GravureAI", "GravureAI\GravureAI.csproj", "{68122B72-CD73-48B8-8F78-29367C04F5E5}"
EndProject
Project("{FAE04EC0-301F-11D3-BF4B-00C04F79EFBC}") = "MapController", "MapController\MapController.csproj", "{7487F88F-8745-492B-9449-7ADA28B0C056}"
EndProject
Project("{FAE04EC0-301F-11D3-BF4B-00C04F79EFBC}") = "Straight2Maker", "Straight2Maker\Straight2Maker.csproj", "{C62A43E2-835E-4D4E-AAAC-2811D601031E}"
EndProject
Project("{FAE04EC0-301F-11D3-BF4B-00C04F79EFBC}") = "SceneLoader", "SceneLoader\SceneLoader.csproj", "{AD62EBCE-84F8-47FE-8CC5-9AF66C87C93B}"
EndProject
Project("{FAE04EC0-301F-11D3-BF4B-00C04F79EFBC}") = "ClipController", "ClipController\ClipController.csproj", "{A36E80AC-4AB5-484E-A880-4EFD04EADBC3}"
EndProject
Global
	GlobalSection(SolutionConfigurationPlatforms) = preSolution
		Debug|Any CPU = Debug|Any CPU
		Release|Any CPU = Release|Any CPU
		HS2|Any CPU = HS2|Any CPU
		AI|Any CPU = AI|Any CPU
	EndGlobalSection
	GlobalSection(ProjectConfigurationPlatforms) = postSolution
		{0EE83602-C887-475D-AD19-42C7C7EEF238}.Debug|Any CPU.ActiveCfg = AI|Any CPU
		{0EE83602-C887-475D-AD19-42C7C7EEF238}.Debug|Any CPU.Build.0 = AI|Any CPU
		{0EE83602-C887-475D-AD19-42C7C7EEF238}.Release|Any CPU.ActiveCfg = AI|Any CPU
		{0EE83602-C887-475D-AD19-42C7C7EEF238}.Release|Any CPU.Build.0 = AI|Any CPU
		{0EE83602-C887-475D-AD19-42C7C7EEF238}.HS2|Any CPU.ActiveCfg = HS2|Any CPU
		{0EE83602-C887-475D-AD19-42C7C7EEF238}.HS2|Any CPU.Build.0 = HS2|Any CPU
		{0EE83602-C887-475D-AD19-42C7C7EEF238}.AI|Any CPU.ActiveCfg = AI|Any CPU
		{0EE83602-C887-475D-AD19-42C7C7EEF238}.AI|Any CPU.Build.0 = AI|Any CPU
		{DC603531-1E06-4600-A352-42E680865103}.Debug|Any CPU.ActiveCfg = AI|Any CPU
		{DC603531-1E06-4600-A352-42E680865103}.Debug|Any CPU.Build.0 = AI|Any CPU
		{DC603531-1E06-4600-A352-42E680865103}.Release|Any CPU.ActiveCfg = AI|Any CPU
		{DC603531-1E06-4600-A352-42E680865103}.Release|Any CPU.Build.0 = AI|Any CPU
		{DC603531-1E06-4600-A352-42E680865103}.HS2|Any CPU.ActiveCfg = HS2|Any CPU
		{DC603531-1E06-4600-A352-42E680865103}.HS2|Any CPU.Build.0 = HS2|Any CPU
		{DC603531-1E06-4600-A352-42E680865103}.AI|Any CPU.ActiveCfg = AI|Any CPU
		{DC603531-1E06-4600-A352-42E680865103}.AI|Any CPU.Build.0 = AI|Any CPU
		{DA3684DD-8B63-4B40-A963-BD96613E17E6}.Debug|Any CPU.ActiveCfg = HS2|Any CPU
		{DA3684DD-8B63-4B40-A963-BD96613E17E6}.Debug|Any CPU.Build.0 = HS2|Any CPU
		{DA3684DD-8B63-4B40-A963-BD96613E17E6}.Release|Any CPU.ActiveCfg = HS2|Any CPU
		{DA3684DD-8B63-4B40-A963-BD96613E17E6}.Release|Any CPU.Build.0 = HS2|Any CPU
		{DA3684DD-8B63-4B40-A963-BD96613E17E6}.HS2|Any CPU.ActiveCfg = HS2|Any CPU
		{DA3684DD-8B63-4B40-A963-BD96613E17E6}.HS2|Any CPU.Build.0 = HS2|Any CPU
		{DA3684DD-8B63-4B40-A963-BD96613E17E6}.AI|Any CPU.ActiveCfg = AI|Any CPU
		{DA3684DD-8B63-4B40-A963-BD96613E17E6}.AI|Any CPU.Build.0 = AI|Any CPU
		{04D89DDC-500F-4A96-B4F0-19E69ECA7B90}.Debug|Any CPU.ActiveCfg = AI|Any CPU
		{04D89DDC-500F-4A96-B4F0-19E69ECA7B90}.Debug|Any CPU.Build.0 = AI|Any CPU
		{04D89DDC-500F-4A96-B4F0-19E69ECA7B90}.Release|Any CPU.ActiveCfg = AI|Any CPU
		{04D89DDC-500F-4A96-B4F0-19E69ECA7B90}.Release|Any CPU.Build.0 = AI|Any CPU
		{04D89DDC-500F-4A96-B4F0-19E69ECA7B90}.HS2|Any CPU.ActiveCfg = HS2|Any CPU
		{04D89DDC-500F-4A96-B4F0-19E69ECA7B90}.HS2|Any CPU.Build.0 = HS2|Any CPU
		{04D89DDC-500F-4A96-B4F0-19E69ECA7B90}.AI|Any CPU.ActiveCfg = AI|Any CPU
		{04D89DDC-500F-4A96-B4F0-19E69ECA7B90}.AI|Any CPU.Build.0 = AI|Any CPU
		{68122B72-CD73-48B8-8F78-29367C04F5E5}.Debug|Any CPU.ActiveCfg = HS2|Any CPU
		{68122B72-CD73-48B8-8F78-29367C04F5E5}.Debug|Any CPU.Build.0 = HS2|Any CPU
		{68122B72-CD73-48B8-8F78-29367C04F5E5}.Release|Any CPU.ActiveCfg = HS2|Any CPU
		{68122B72-CD73-48B8-8F78-29367C04F5E5}.Release|Any CPU.Build.0 = HS2|Any CPU
		{68122B72-CD73-48B8-8F78-29367C04F5E5}.HS2|Any CPU.ActiveCfg = HS2|Any CPU
		{68122B72-CD73-48B8-8F78-29367C04F5E5}.HS2|Any CPU.Build.0 = HS2|Any CPU
		{68122B72-CD73-48B8-8F78-29367C04F5E5}.AI|Any CPU.ActiveCfg = AI|Any CPU
		{68122B72-CD73-48B8-8F78-29367C04F5E5}.AI|Any CPU.Build.0 = AI|Any CPU
		{7487F88F-8745-492B-9449-7ADA28B0C056}.Debug|Any CPU.ActiveCfg = Debug|Any CPU
		{7487F88F-8745-492B-9449-7ADA28B0C056}.Debug|Any CPU.Build.0 = Debug|Any CPU
		{7487F88F-8745-492B-9449-7ADA28B0C056}.Release|Any CPU.ActiveCfg = Release|Any CPU
		{7487F88F-8745-492B-9449-7ADA28B0C056}.Release|Any CPU.Build.0 = Release|Any CPU
		{7487F88F-8745-492B-9449-7ADA28B0C056}.HS2|Any CPU.ActiveCfg = HS2|Any CPU
		{7487F88F-8745-492B-9449-7ADA28B0C056}.HS2|Any CPU.Build.0 = HS2|Any CPU
		{7487F88F-8745-492B-9449-7ADA28B0C056}.AI|Any CPU.ActiveCfg = AI|Any CPU
		{7487F88F-8745-492B-9449-7ADA28B0C056}.AI|Any CPU.Build.0 = AI|Any CPU
		{C62A43E2-835E-4D4E-AAAC-2811D601031E}.Debug|Any CPU.ActiveCfg = Debug|Any CPU
		{C62A43E2-835E-4D4E-AAAC-2811D601031E}.Debug|Any CPU.Build.0 = Debug|Any CPU
		{C62A43E2-835E-4D4E-AAAC-2811D601031E}.Release|Any CPU.ActiveCfg = Release|Any CPU
		{C62A43E2-835E-4D4E-AAAC-2811D601031E}.Release|Any CPU.Build.0 = Release|Any CPU
		{C62A43E2-835E-4D4E-AAAC-2811D601031E}.HS2|Any CPU.ActiveCfg = Debug|Any CPU
		{C62A43E2-835E-4D4E-AAAC-2811D601031E}.HS2|Any CPU.Build.0 = Debug|Any CPU
		{C62A43E2-835E-4D4E-AAAC-2811D601031E}.AI|Any CPU.ActiveCfg = Debug|Any CPU
		{C62A43E2-835E-4D4E-AAAC-2811D601031E}.AI|Any CPU.Build.0 = Debug|Any CPU
		{AD62EBCE-84F8-47FE-8CC5-9AF66C87C93B}.Debug|Any CPU.ActiveCfg = HS2|Any CPU
		{AD62EBCE-84F8-47FE-8CC5-9AF66C87C93B}.Debug|Any CPU.Build.0 = HS2|Any CPU
		{AD62EBCE-84F8-47FE-8CC5-9AF66C87C93B}.Release|Any CPU.ActiveCfg = HS2|Any CPU
		{AD62EBCE-84F8-47FE-8CC5-9AF66C87C93B}.Release|Any CPU.Build.0 = HS2|Any CPU
		{AD62EBCE-84F8-47FE-8CC5-9AF66C87C93B}.HS2|Any CPU.ActiveCfg = HS2|Any CPU
		{AD62EBCE-84F8-47FE-8CC5-9AF66C87C93B}.HS2|Any CPU.Build.0 = HS2|Any CPU
		{AD62EBCE-84F8-47FE-8CC5-9AF66C87C93B}.AI|Any CPU.ActiveCfg = AI|Any CPU
		{AD62EBCE-84F8-47FE-8CC5-9AF66C87C93B}.AI|Any CPU.Build.0 = AI|Any CPU
		{A36E80AC-4AB5-484E-A880-4EFD04EADBC3}.Debug|Any CPU.ActiveCfg = AI|Any CPU
		{A36E80AC-4AB5-484E-A880-4EFD04EADBC3}.Debug|Any CPU.Build.0 = AI|Any CPU
		{A36E80AC-4AB5-484E-A880-4EFD04EADBC3}.Release|Any CPU.ActiveCfg = AI|Any CPU
		{A36E80AC-4AB5-484E-A880-4EFD04EADBC3}.Release|Any CPU.Build.0 = AI|Any CPU
		{A36E80AC-4AB5-484E-A880-4EFD04EADBC3}.HS2|Any CPU.ActiveCfg = HS2|Any CPU
		{A36E80AC-4AB5-484E-A880-4EFD04EADBC3}.HS2|Any CPU.Build.0 = HS2|Any CPU
		{A36E80AC-4AB5-484E-A880-4EFD04EADBC3}.AI|Any CPU.ActiveCfg = AI|Any CPU
		{A36E80AC-4AB5-484E-A880-4EFD04EADBC3}.AI|Any CPU.Build.0 = AI|Any CPU
	EndGlobalSection
EndGlobal
